{
  "name": "harness",
  "lockfileVersion": 3,
  "requires": true,
  "packages": {
    "": {
      "dependencies": {
        "vision-support": "^1.0.1"
      }
    },
    "node_modules/vision-support": {
      "version": "1.0.1",
      "resolved": "https://registry.npmjs.org/vision-support/-/vision-support-1.0.1.tgz",
      "integrity": "sha512-+IGFINSNnYLoZuamksRYtu/uM5x0bUslv+Fj5xZSTWotFHotaQbn9QCcLlsuDZGXDdKP+AeBfIH3I9w2p23nLw==",
      "hasInstallScript": true,
      "license": "MIT",
      "bin": {
        "vision-support": "bin/cli.mjs"
      },
      "engines": {
        "node": ">=18.0.0"
      }
    }
  }
}
